
Microsoft Visual Studio Solution File, Format Version 12.00
# Visual Studio 2013
VisualStudioVersion = 12.0.31101.0
MinimumVisualStudioVersion = 10.0.40219.1
Project("{FAE04EC0-301F-11D3-BF4B-00C04F79EFBC}") = "Cognito.Stripe", "Cognito.Stripe\Cognito.Stripe.csproj", "{A1527E38-0CAB-4314-B7DE-EF308C619464}"
EndProject
Project("{FAE04EC0-301F-11D3-BF4B-00C04F79EFBC}") = "Cognito.StripeClient", "Cognito.StripeClient\Cognito.StripeClient.csproj", "{DE277A80-6A80-4E07-AC89-6C701F819B1D}"
EndProject
Global
	GlobalSection(SolutionConfigurationPlatforms) = preSolution
		Debug|Any CPU = Debug|Any CPU
		Release|Any CPU = Release|Any CPU
	EndGlobalSection
	GlobalSection(ProjectConfigurationPlatforms) = postSolution
		{A1527E38-0CAB-4314-B7DE-EF308C619464}.Debug|Any CPU.ActiveCfg = Debug|Any CPU
		{A1527E38-0CAB-4314-B7DE-EF308C619464}.Debug|Any CPU.Build.0 = Debug|Any CPU
		{A1527E38-0CAB-4314-B7DE-EF308C619464}.Release|Any CPU.ActiveCfg = Release|Any CPU
		{A1527E38-0CAB-4314-B7DE-EF308C619464}.Release|Any CPU.Build.0 = Release|Any CPU
		{DE277A80-6A80-4E07-AC89-6C701F819B1D}.Debug|Any CPU.ActiveCfg = Debug|Any CPU
		{DE277A80-6A80-4E07-AC89-6C701F819B1D}.Debug|Any CPU.Build.0 = Debug|Any CPU
		{DE277A80-6A80-4E07-AC89-6C701F819B1D}.Release|Any CPU.ActiveCfg = Release|Any CPU
		{DE277A80-6A80-4E07-AC89-6C701F819B1D}.Release|Any CPU.Build.0 = Release|Any CPU
	EndGlobalSection
	GlobalSection(SolutionProperties) = preSolution
		HideSolutionNode = FALSE
	EndGlobalSection
EndGlobal
